
Microsoft Visual Studio Solution File, Format Version 12.00
# Visual Studio Version 17
VisualStudioVersion = 17.0.32112.339
MinimumVisualStudioVersion = 10.0.40219.1
Project("{FAE04EC0-301F-11D3-BF4B-00C04F79EFBC}") = "AngularJs_KrishnaAjayJagadhish", "AngularJs_KrishnaAjayJagadhish.csproj", "{03C4AB0B-92D1-4339-8B18-55C087881D7C}"
EndProject
Global
	GlobalSection(SolutionConfigurationPlatforms) = preSolution
		Debug|Any CPU = Debug|Any CPU
		Release|Any CPU = Release|Any CPU
	EndGlobalSection
	GlobalSection(ProjectConfigurationPlatforms) = postSolution
		{03C4AB0B-92D1-4339-8B18-55C087881D7C}.Debug|Any CPU.ActiveCfg = Debug|Any CPU
		{03C4AB0B-92D1-4339-8B18-55C087881D7C}.Debug|Any CPU.Build.0 = Debug|Any CPU
		{03C4AB0B-92D1-4339-8B18-55C087881D7C}.Release|Any CPU.ActiveCfg = Release|Any CPU
		{03C4AB0B-92D1-4339-8B18-55C087881D7C}.Release|Any CPU.Build.0 = Release|Any CPU
	EndGlobalSection
	GlobalSection(SolutionProperties) = preSolution
		HideSolutionNode = FALSE
	EndGlobalSection
	GlobalSection(ExtensibilityGlobals) = postSolution
		SolutionGuid = {4D9BD072-E0F0-484F-AD5C-252892FAE38B}
	EndGlobalSection
EndGlobal
